
Microsoft Visual Studio Solution File, Format Version 12.00
# Visual Studio Version 17
VisualStudioVersion = 17.9.34728.123
MinimumVisualStudioVersion = 10.0.40219.1
Project("{8BC9CEB8-8B4A-11D0-8D11-00A0C91BC942}") = "Project11", "Project11\Project11.vcxproj", "{04747BBF-06B0-44E2-8065-025C5D6BE988}"
EndProject
Global
	GlobalSection(SolutionConfigurationPlatforms) = preSolution
		Debug|x64 = Debug|x64
		Debug|x86 = Debug|x86
		Release|x64 = Release|x64
		Release|x86 = Release|x86
	EndGlobalSection
	GlobalSection(ProjectConfigurationPlatforms) = postSolution
		{04747BBF-06B0-44E2-8065-025C5D6BE988}.Debug|x64.ActiveCfg = Debug|x64
		{04747BBF-06B0-44E2-8065-025C5D6BE988}.Debug|x64.Build.0 = Debug|x64
		{04747BBF-06B0-44E2-8065-025C5D6BE988}.Debug|x86.ActiveCfg = Debug|Win32
		{04747BBF-06B0-44E2-8065-025C5D6BE988}.Debug|x86.Build.0 = Debug|Win32
		{04747BBF-06B0-44E2-8065-025C5D6BE988}.Release|x64.ActiveCfg = Release|x64
		{04747BBF-06B0-44E2-8065-025C5D6BE988}.Release|x64.Build.0 = Release|x64
		{04747BBF-06B0-44E2-8065-025C5D6BE988}.Release|x86.ActiveCfg = Release|Win32
		{04747BBF-06B0-44E2-8065-025C5D6BE988}.Release|x86.Build.0 = Release|Win32
	EndGlobalSection
	GlobalSection(SolutionProperties) = preSolution
		HideSolutionNode = FALSE
	EndGlobalSection
	GlobalSection(ExtensibilityGlobals) = postSolution
		SolutionGuid = {5DB7CE45-1448-4ACF-98E1-2FE1050BB102}
	EndGlobalSection
EndGlobal
